// !$*UTF8*$!
{
	archiveVersion = 1;
	classes = {
	};
	objectVersion = 46;
	objects = {

/* Begin PBXBuildFile section */
		88CCE36A1C97AD460020C884 /* AppDelegate.swift in Sources */ = {isa = PBXBuildFile; fileRef = 88CCE3691C97AD460020C884 /* AppDelegate.swift */; };
		88CCE36C1C97AD460020C884 /* FirstViewController.swift in Sources */ = {isa = PBXBuildFile; fileRef = 88CCE36B1C97AD460020C884 /* FirstViewController.swift */; };
		88CCE36E1C97AD460020C884 /* LocationVC.swift in Sources */ = {isa = PBXBuildFile; fileRef = 88CCE36D1C97AD460020C884 /* LocationVC.swift */; };
		88CCE3711C97AD460020C884 /* Main.storyboard in Resources */ = {isa = PBXBuildFile; fileRef = 88CCE36F1C97AD460020C884 /* Main.storyboard */; };
		88CCE3731C97AD460020C884 /* Assets.xcassets in Resources */ = {isa = PBXBuildFile; fileRef = 88CCE3721C97AD460020C884 /* Assets.xcassets */; };
		88CCE3761C97AD460020C884 /* LaunchScreen.storyboard in Resources */ = {isa = PBXBuildFile; fileRef = 88CCE3741C97AD460020C884 /* LaunchScreen.storyboard */; };
		88CCE37E1C97B6560020C884 /* BootcampAnnotation.swift in Sources */ = {isa = PBXBuildFile; fileRef = 88CCE37D1C97B6560020C884 /* BootcampAnnotation.swift */; };
/* End PBXBuildFile section */

/* Begin PBXFileReference section */
		88CCE3661C97AD460020C884 /* BootCamps.app */ = {isa = PBXFileReference; explicitFileType = wrapper.application; includeInIndex = 0; path = BootCamps.app; sourceTree = BUILT_PRODUCTS_DIR; };
		88CCE3691C97AD460020C884 /* AppDelegate.swift */ = {isa = PBXFileReference; lastKnownFileType = sourcecode.swift; path = AppDelegate.swift; sourceTree = "<group>"; };
		88CCE36B1C97AD460020C884 /* FirstViewController.swift */ = {isa = PBXFileReference; lastKnownFileType = sourcecode.swift; path = FirstViewController.swift; sourceTree = "<group>"; };
		88CCE36D1C97AD460020C884 /* LocationVC.swift */ = {isa = PBXFileReference; lastKnownFileType = sourcecode.swift; path = LocationVC.swift; sourceTree = "<group>"; };
		88CCE3701C97AD460020C884 /* Base */ = {isa = PBXFileReference; lastKnownFileType = file.storyboard; name = Base; path = Base.lproj/Main.storyboard; sourceTree = "<group>"; };
		88CCE3721C97AD460020C884 /* Assets.xcassets */ = {isa = PBXFileReference; lastKnownFileType = folder.assetcatalog; path = Assets.xcassets; sourceTree = "<group>"; };
		88CCE3751C97AD460020C884 /* Base */ = {isa = PBXFileReference; lastKnownFileType = file.storyboard; name = Base; path = Base.lproj/LaunchScreen.storyboard; sourceTree = "<group>"; };
		88CCE3771C97AD460020C884 /* Info.plist */ = {isa = PBXFileReference; lastKnownFileType = text.plist.xml; path = Info.plist; sourceTree = "<group>"; };
		88CCE37D1C97B6560020C884 /* BootcampAnnotation.swift */ = {isa = PBXFileReference; fileEncoding = 4; lastKnownFileType = sourcecode.swift; path = BootcampAnnotation.swift; sourceTree = "<group>"; };
/* End PBXFileReference section */

/* Begin PBXFrameworksBuildPhase section */
		88CCE3631C97AD460020C884 /* Frameworks */ = {
			isa = PBXFrameworksBuildPhase;
			buildActionMask = 2147483647;
			files = (
			);
			runOnlyForDeploymentPostprocessing = 0;
		};
/* End PBXFrameworksBuildPhase section */

/* Begin PBXGroup section */
		88CCE35D1C97AD460020C884 = {
			isa = PBXGroup;
			children = (
				88CCE3681C97AD460020C884 /* BootCamps */,
				88CCE3671C97AD460020C884 /* Products */,
			);
			sourceTree = "<group>";
		};
		88CCE3671C97AD460020C884 /* Products */ = {
			isa = PBXGroup;
			children = (
				88CCE3661C97AD460020C884 /* BootCamps.app */,
			);
			name = Products;
			sourceTree = "<group>";
		};
		88CCE3681C97AD460020C884 /* BootCamps */ = {
			isa = PBXGroup;
			children = (
				88CCE3691C97AD460020C884 /* AppDelegate.swift */,
				88CCE36B1C97AD460020C884 /* FirstViewController.swift */,
				88CCE36D1C97AD460020C884 /* LocationVC.swift */,
				88CCE36F1C97AD460020C884 /* Main.storyboard */,
				88CCE3721C97AD460020C884 /* Assets.xcassets */,
				88CCE3741C97AD460020C884 /* LaunchScreen.storyboard */,
				88CCE3771C97AD460020C884 /* Info.plist */,
				88CCE37D1C97B6560020C884 /* BootcampAnnotation.swift */,
			);
			path = BootCamps;
			sourceTree = "<group>";
		};
/* End PBXGroup section */

/* Begin PBXNativeTarget section */
		88CCE3651C97AD460020C884 /* BootCamps */ = {
			isa = PBXNativeTarget;
			buildConfigurationList = 88CCE37A1C97AD460020C884 /* Build configuration list for PBXNativeTarget "BootCamps" */;
			buildPhases = (
				88CCE3621C97AD460020C884 /* Sources */,
				88CCE3631C97AD460020C884 /* Frameworks */,
				88CCE3641C97AD460020C884 /* Resources */,
			);
			buildRules = (
			);
			dependencies = (
			);
			name = BootCamps;
			productName = BootCamps;
			productReference = 88CCE3661C97AD460020C884 /* BootCamps.app */;
			productType = "com.apple.product-type.application";
		};
/* End PBXNativeTarget section */

/* Begin PBXProject section */
		88CCE35E1C97AD460020C884 /* Project object */ = {
			isa = PBXProject;
			attributes = {
				LastSwiftUpdateCheck = 0720;
				LastUpgradeCheck = 0720;
				ORGANIZATIONNAME = "Project Omicron";
				TargetAttributes = {
					88CCE3651C97AD460020C884 = {
						CreatedOnToolsVersion = 7.2.1;
						DevelopmentTeam = ZVS8K2A3JV;
					};
				};
			};
			buildConfigurationList = 88CCE3611C97AD460020C884 /* Build configuration list for PBXProject "BootCamps" */;
			compatibilityVersion = "Xcode 3.2";
			developmentRegion = English;
			hasScannedForEncodings = 0;
			knownRegions = (
				en,
				Base,
			);
			mainGroup = 88CCE35D1C97AD460020C884;
			productRefGroup = 88CCE3671C97AD460020C884 /* Products */;
			projectDirPath = "";
			projectRoot = "";
			targets = (
				88CCE3651C97AD460020C884 /* BootCamps */,
			);
		};
/* End PBXProject section */

/* Begin PBXResourcesBuildPhase section */
		88CCE3641C97AD460020C884 /* Resources */ = {
			isa = PBXResourcesBuildPhase;
			buildActionMask = 2147483647;
			files = (
				88CCE3761C97AD460020C884 /* LaunchScreen.storyboard in Resources */,
				88CCE3731C97AD460020C884 /* Assets.xcassets in Resources */,
				88CCE3711C97AD460020C884 /* Main.storyboard in Resources */,
			);
			runOnlyForDeploymentPostprocessing = 0;
		};
/* End PBXResourcesBuildPhase section */

/* Begin PBXSourcesBuildPhase section */
		88CCE3621C97AD460020C884 /* Sources */ = {
			isa = PBXSourcesBuildPhase;
			buildActionMask = 2147483647;
			files = (
				88CCE36E1C97AD460020C884 /* LocationVC.swift in Sources */,
				88CCE36A1C97AD460020C884 /* AppDelegate.swift in Sources */,
				88CCE36C1C97AD460020C884 /* FirstViewController.swift in Sources */,
				88CCE37E1C97B6560020C884 /* BootcampAnnotation.swift in Sources */,
			);
			runOnlyForDeploymentPostprocessing = 0;
		};
/* End PBXSourcesBuildPhase section */

/* Begin PBXVariantGroup section */
		88CCE36F1C97AD460020C884 /* Main.storyboard */ = {
			isa = PBXVariantGroup;
			children = (
				88CCE3701C97AD460020C884 /* Base */,
			);
			name = Main.storyboard;
			sourceTree = "<group>";
		};
		88CCE3741C97AD460020C884 /* LaunchScreen.storyboard */ = {
			isa = PBXVariantGroup;
			children = (
				88CCE3751C97AD460020C884 /* Base */,
			);
			name = LaunchScreen.storyboard;
			sourceTree = "<group>";
		};
/* End PBXVariantGroup section */

/* Begin XCBuildConfiguration section */
		88CCE3781C97AD460020C884 /* Debug */ = {
			isa = XCBuildConfiguration;
			buildSettings = {
				ALWAYS_SEARCH_USER_PATHS = NO;
				CLANG_CXX_LANGUAGE_STANDARD = "gnu++0x";
				CLANG_CXX_LIBRARY = "libc++";
				CLANG_ENABLE_MODULES = YES;
				CLANG_ENABLE_OBJC_ARC = YES;
				CLANG_WARN_BOOL_CONVERSION = YES;
				CLANG_WARN_CONSTANT_CONVERSION = YES;
				CLANG_WARN_DIRECT_OBJC_ISA_USAGE = YES_ERROR;
				CLANG_WARN_EMPTY_BODY = YES;
				CLANG_WARN_ENUM_CONVERSION = YES;
				CLANG_WARN_INT_CONVERSION = YES;
				CLANG_WARN_OBJC_ROOT_CLASS = YES_ERROR;
				CLANG_WARN_UNREACHABLE_CODE = YES;
				CLANG_WARN__DUPLICATE_METHOD_MATCH = YES;
				"CODE_SIGN_IDENTITY[sdk=iphoneos*]" = "iPhone Developer";
				COPY_PHASE_STRIP = NO;
				DEBUG_INFORMATION_FORMAT = dwarf;
				ENABLE_STRICT_OBJC_MSGSEND = YES;
				ENABLE_TESTABILITY = YES;
				GCC_C_LANGUAGE_STANDARD = gnu99;
				GCC_DYNAMIC_NO_PIC = NO;
				GCC_NO_COMMON_BLOCKS = YES;
				GCC_OPTIMIZATION_LEVEL = 0;
				GCC_PREPROCESSOR_DEFINITIONS = (
					"DEBUG=1",
					"$(inherited)",
				);
				GCC_WARN_64_TO_32_BIT_CONVERSION = YES;
				GCC_WARN_ABOUT_RETURN_TYPE = YES_ERROR;
				GCC_WARN_UNDECLARED_SELECTOR = YES;
				GCC_WARN_UNINITIALIZED_AUTOS = YES_AGGRESSIVE;
				GCC_WARN_UNUSED_FUNCTION = YES;
				GCC_WARN_UNUSED_VARIABLE = YES;
				IPHONEOS_DEPLOYMENT_TARGET = 9.2;
				MTL_ENABLE_DEBUG_INFO = YES;
				ONLY_ACTIVE_ARCH = YES;
				SDKROOT = iphoneos;
				SWIFT_OPTIMIZATION_LEVEL = "-Onone";
				TARGETED_DEVICE_FAMILY = "1,2";
			};
			name = Debug;
		};
		88CCE3791C97AD460020C884 /* Release */ = {
			isa = XCBuildConfiguration;
			buildSettings = {
				ALWAYS_SEARCH_USER_PATHS = NO;
				CLANG_CXX_LANGUAGE_STANDARD = "gnu++0x";
				CLANG_CXX_LIBRARY = "libc++";
				CLANG_ENABLE_MODULES = YES;
				CLANG_ENABLE_OBJC_ARC = YES;
				CLANG_WARN_BOOL_CONVERSION = YES;
				CLANG_WARN_CONSTANT_CONVERSION = YES;
				CLANG_WARN_DIRECT_OBJC_ISA_USAGE = YES_ERROR;
				CLANG_WARN_EMPTY_BODY = YES;
				CLANG_WARN_ENUM_CONVERSION = YES;
				CLANG_WARN_INT_CONVERSION = YES;
				CLANG_WARN_OBJC_ROOT_CLASS = YES_ERROR;
				CLANG_WARN_UNREACHABLE_CODE = YES;
				CLANG_WARN__DUPLICATE_METHOD_MATCH = YES;
				"CODE_SIGN_IDENTITY[sdk=iphoneos*]" = "iPhone Developer";
				COPY_PHASE_STRIP = NO;
				DEBUG_INFORMATION_FORMAT = "dwarf-with-dsym";
				ENABLE_NS_ASSERTIONS = NO;
				ENABLE_STRICT_OBJC_MSGSEND = YES;
				GCC_C_LANGUAGE_STANDARD = gnu99;
				GCC_NO_COMMON_BLOCKS = YES;
				GCC_WARN_64_TO_32_BIT_CONVERSION = YES;
				GCC_WARN_ABOUT_RETURN_TYPE = YES_ERROR;
				GCC_WARN_UNDECLARED_SELECTOR = YES;
				GCC_WARN_UNINITIALIZED_AUTOS = YES_AGGRESSIVE;
				GCC_WARN_UNUSED_FUNCTION = YES;
				GCC_WARN_UNUSED_VARIABLE = YES;
				IPHONEOS_DEPLOYMENT_TARGET = 9.2;
				MTL_ENABLE_DEBUG_INFO = NO;
				SDKROOT = iphoneos;
				TARGETED_DEVICE_FAMILY = "1,2";
				VALIDATE_PRODUCT = YES;
			};
			name = Release;
		};
		88CCE37B1C97AD460020C884 /* Debug */ = {
			isa = XCBuildConfiguration;
			buildSettings = {
				ASSETCATALOG_COMPILER_APPICON_NAME = AppIcon;
				INFOPLIST_FILE = BootCamps/Info.plist;
				LD_RUNPATH_SEARCH_PATHS = "$(inherited) @executable_path/Frameworks";
				PRODUCT_BUNDLE_IDENTIFIER = com.projectomicron.BootCamps;
				PRODUCT_NAME = "$(TARGET_NAME)";
			};
			name = Debug;
		};
		88CCE37C1C97AD460020C884 /* Release */ = {
			isa = XCBuildConfiguration;
			buildSettings = {
				ASSETCATALOG_COMPILER_APPICON_NAME = AppIcon;
				INFOPLIST_FILE = BootCamps/Info.plist;
				LD_RUNPATH_SEARCH_PATHS = "$(inherited) @executable_path/Frameworks";
				PRODUCT_BUNDLE_IDENTIFIER = com.projectomicron.BootCamps;
				PRODUCT_NAME = "$(TARGET_NAME)";
			};
			name = Release;
		};
/* End XCBuildConfiguration section */

/* Begin XCConfigurationList section */
		88CCE3611C97AD460020C884 /* Build configuration list for PBXProject "BootCamps" */ = {
			isa = XCConfigurationList;
			buildConfigurations = (
				88CCE3781C97AD460020C884 /* Debug */,
				88CCE3791C97AD460020C884 /* Release */,
			);
			defaultConfigurationIsVisible = 0;
			defaultConfigurationName = Release;
		};
		88CCE37A1C97AD460020C884 /* Build configuration list for PBXNativeTarget "BootCamps" */ = {
			isa = XCConfigurationList;
			buildConfigurations = (
				88CCE37B1C97AD460020C884 /* Debug */,
				88CCE37C1C97AD460020C884 /* Release */,
			);
			defaultConfigurationIsVisible = 0;
		};
/* End XCConfigurationList section */
	};
	rootObject = 88CCE35E1C97AD460020C884 /* Project object */;
}
